// !$*UTF8*$!
{
	archiveVersion = 1;
	classes = {
	};
	objectVersion = 46;
	objects = {

/* Begin PBXBuildFile section */
		5B64543C1EEBEAD000E92DDB /* DataController.swift in Sources */ = {isa = PBXBuildFile; fileRef = 5B64543B1EEBEAD000E92DDB /* DataController.swift */; };
		5B64543E1EEBED9000E92DDB /* DownloadingDataInfoViewController.swift in Sources */ = {isa = PBXBuildFile; fileRef = 5B64543D1EEBED9000E92DDB /* DownloadingDataInfoViewController.swift */; };
		5B6454401EEBF28500E92DDB /* RoundedButton.swift in Sources */ = {isa = PBXBuildFile; fileRef = 5B64543F1EEBF28500E92DDB /* RoundedButton.swift */; };
		5BE2ED2A1EEB30EF00AA0A84 /* AppDelegate.swift in Sources */ = {isa = PBXBuildFile; fileRef = 5BE2ED291EEB30EF00AA0A84 /* AppDelegate.swift */; };
		5BE2ED2F1EEB30EF00AA0A84 /* Main.storyboard in Resources */ = {isa = PBXBuildFile; fileRef = 5BE2ED2D1EEB30EF00AA0A84 /* Main.storyboard */; };
		5BE2ED311EEB30EF00AA0A84 /* Assets.xcassets in Resources */ = {isa = PBXBuildFile; fileRef = 5BE2ED301EEB30EF00AA0A84 /* Assets.xcassets */; };
		5BE2ED341EEB30EF00AA0A84 /* LaunchScreen.storyboard in Resources */ = {isa = PBXBuildFile; fileRef = 5BE2ED321EEB30EF00AA0A84 /* LaunchScreen.storyboard */; };
		5BE2ED3F1EEB30EF00AA0A84 /* KoleoTaskTests.swift in Sources */ = {isa = PBXBuildFile; fileRef = 5BE2ED3E1EEB30EF00AA0A84 /* KoleoTaskTests.swift */; };
		5BE2ED4A1EEB353600AA0A84 /* DistanceViewController.swift in Sources */ = {isa = PBXBuildFile; fileRef = 5BE2ED491EEB353600AA0A84 /* DistanceViewController.swift */; };
		5BE2ED4C1EEB35AA00AA0A84 /* UINavigationController+StatusBar.swift in Sources */ = {isa = PBXBuildFile; fileRef = 5BE2ED4B1EEB35AA00AA0A84 /* UINavigationController+StatusBar.swift */; };
		5BE2ED4E1EEB3A5A00AA0A84 /* DistanceViewModel.swift in Sources */ = {isa = PBXBuildFile; fileRef = 5BE2ED4D1EEB3A5A00AA0A84 /* DistanceViewModel.swift */; };
		5BE2ED501EEB3AA900AA0A84 /* Station.swift in Sources */ = {isa = PBXBuildFile; fileRef = 5BE2ED4F1EEB3AA900AA0A84 /* Station.swift */; };
		5BE2ED521EEB3F3100AA0A84 /* KoleoClient.swift in Sources */ = {isa = PBXBuildFile; fileRef = 5BE2ED511EEB3F3100AA0A84 /* KoleoClient.swift */; };
		5BE2ED531EEB3F3100AA0A84 /* KoleoClient.swift in Sources */ = {isa = PBXBuildFile; fileRef = 5BE2ED511EEB3F3100AA0A84 /* KoleoClient.swift */; };
		5BE2ED541EEB3F3600AA0A84 /* Station.swift in Sources */ = {isa = PBXBuildFile; fileRef = 5BE2ED4F1EEB3AA900AA0A84 /* Station.swift */; };
		62C94184FA10755EB756D02C /* Pods_KoleoTaskTests.framework in Frameworks */ = {isa = PBXBuildFile; fileRef = B3604AD029CE443C004236E6 /* Pods_KoleoTaskTests.framework */; };
		B562B0C57CA794F4886EFCC2 /* Pods_KoleoTask.framework in Frameworks */ = {isa = PBXBuildFile; fileRef = 1E823CA93CDF31B9C20F6E41 /* Pods_KoleoTask.framework */; };
/* End PBXBuildFile section */

/* Begin PBXContainerItemProxy section */
		5BE2ED3B1EEB30EF00AA0A84 /* PBXContainerItemProxy */ = {
			isa = PBXContainerItemProxy;
			containerPortal = 5BE2ED1E1EEB30EE00AA0A84 /* Project object */;
			proxyType = 1;
			remoteGlobalIDString = 5BE2ED251EEB30EE00AA0A84;
			remoteInfo = KoleoTask;
		};
/* End PBXContainerItemProxy section */

/* Begin PBXFileReference section */
		1E823CA93CDF31B9C20F6E41 /* Pods_KoleoTask.framework */ = {isa = PBXFileReference; explicitFileType = wrapper.framework; includeInIndex = 0; path = Pods_KoleoTask.framework; sourceTree = BUILT_PRODUCTS_DIR; };
		5B64543B1EEBEAD000E92DDB /* DataController.swift */ = {isa = PBXFileReference; fileEncoding = 4; lastKnownFileType = sourcecode.swift; path = DataController.swift; sourceTree = "<group>"; };
		5B64543D1EEBED9000E92DDB /* DownloadingDataInfoViewController.swift */ = {isa = PBXFileReference; fileEncoding = 4; lastKnownFileType = sourcecode.swift; path = DownloadingDataInfoViewController.swift; sourceTree = "<group>"; };
		5B64543F1EEBF28500E92DDB /* RoundedButton.swift */ = {isa = PBXFileReference; fileEncoding = 4; lastKnownFileType = sourcecode.swift; path = RoundedButton.swift; sourceTree = "<group>"; };
		5BE2ED261EEB30EE00AA0A84 /* KoleoTask.app */ = {isa = PBXFileReference; explicitFileType = wrapper.application; includeInIndex = 0; path = KoleoTask.app; sourceTree = BUILT_PRODUCTS_DIR; };
		5BE2ED291EEB30EF00AA0A84 /* AppDelegate.swift */ = {isa = PBXFileReference; lastKnownFileType = sourcecode.swift; path = AppDelegate.swift; sourceTree = "<group>"; };
		5BE2ED2E1EEB30EF00AA0A84 /* Base */ = {isa = PBXFileReference; lastKnownFileType = file.storyboard; name = Base; path = Base.lproj/Main.storyboard; sourceTree = "<group>"; };
		5BE2ED301EEB30EF00AA0A84 /* Assets.xcassets */ = {isa = PBXFileReference; lastKnownFileType = folder.assetcatalog; path = Assets.xcassets; sourceTree = "<group>"; };
		5BE2ED331EEB30EF00AA0A84 /* Base */ = {isa = PBXFileReference; lastKnownFileType = file.storyboard; name = Base; path = Base.lproj/LaunchScreen.storyboard; sourceTree = "<group>"; };
		5BE2ED351EEB30EF00AA0A84 /* Info.plist */ = {isa = PBXFileReference; lastKnownFileType = text.plist.xml; path = Info.plist; sourceTree = "<group>"; };
		5BE2ED3A1EEB30EF00AA0A84 /* KoleoTaskTests.xctest */ = {isa = PBXFileReference; explicitFileType = wrapper.cfbundle; includeInIndex = 0; path = KoleoTaskTests.xctest; sourceTree = BUILT_PRODUCTS_DIR; };
		5BE2ED3E1EEB30EF00AA0A84 /* KoleoTaskTests.swift */ = {isa = PBXFileReference; lastKnownFileType = sourcecode.swift; path = KoleoTaskTests.swift; sourceTree = "<group>"; };
		5BE2ED401EEB30EF00AA0A84 /* Info.plist */ = {isa = PBXFileReference; lastKnownFileType = text.plist.xml; path = Info.plist; sourceTree = "<group>"; };
		5BE2ED491EEB353600AA0A84 /* DistanceViewController.swift */ = {isa = PBXFileReference; fileEncoding = 4; lastKnownFileType = sourcecode.swift; path = DistanceViewController.swift; sourceTree = "<group>"; };
		5BE2ED4B1EEB35AA00AA0A84 /* UINavigationController+StatusBar.swift */ = {isa = PBXFileReference; fileEncoding = 4; lastKnownFileType = sourcecode.swift; path = "UINavigationController+StatusBar.swift"; sourceTree = "<group>"; };
		5BE2ED4D1EEB3A5A00AA0A84 /* DistanceViewModel.swift */ = {isa = PBXFileReference; fileEncoding = 4; lastKnownFileType = sourcecode.swift; path = DistanceViewModel.swift; sourceTree = "<group>"; };
		5BE2ED4F1EEB3AA900AA0A84 /* Station.swift */ = {isa = PBXFileReference; fileEncoding = 4; lastKnownFileType = sourcecode.swift; path = Station.swift; sourceTree = "<group>"; };
		5BE2ED511EEB3F3100AA0A84 /* KoleoClient.swift */ = {isa = PBXFileReference; fileEncoding = 4; lastKnownFileType = sourcecode.swift; path = KoleoClient.swift; sourceTree = "<group>"; };
		5C7BA7A3C6D0D07421E8883D /* Pods-KoleoTask.debug.xcconfig */ = {isa = PBXFileReference; includeInIndex = 1; lastKnownFileType = text.xcconfig; name = "Pods-KoleoTask.debug.xcconfig"; path = "Pods/Target Support Files/Pods-KoleoTask/Pods-KoleoTask.debug.xcconfig"; sourceTree = "<group>"; };
		614818C81104898E23F58321 /* Pods-KoleoTask.release.xcconfig */ = {isa = PBXFileReference; includeInIndex = 1; lastKnownFileType = text.xcconfig; name = "Pods-KoleoTask.release.xcconfig"; path = "Pods/Target Support Files/Pods-KoleoTask/Pods-KoleoTask.release.xcconfig"; sourceTree = "<group>"; };
		821F6075CF70DAD36CDB86E3 /* Pods-KoleoTaskTests.debug.xcconfig */ = {isa = PBXFileReference; includeInIndex = 1; lastKnownFileType = text.xcconfig; name = "Pods-KoleoTaskTests.debug.xcconfig"; path = "Pods/Target Support Files/Pods-KoleoTaskTests/Pods-KoleoTaskTests.debug.xcconfig"; sourceTree = "<group>"; };
		B3604AD029CE443C004236E6 /* Pods_KoleoTaskTests.framework */ = {isa = PBXFileReference; explicitFileType = wrapper.framework; includeInIndex = 0; path = Pods_KoleoTaskTests.framework; sourceTree = BUILT_PRODUCTS_DIR; };
		FC37EA5353ECE9E3F930DC87 /* Pods-KoleoTaskTests.release.xcconfig */ = {isa = PBXFileReference; includeInIndex = 1; lastKnownFileType = text.xcconfig; name = "Pods-KoleoTaskTests.release.xcconfig"; path = "Pods/Target Support Files/Pods-KoleoTaskTests/Pods-KoleoTaskTests.release.xcconfig"; sourceTree = "<group>"; };
/* End PBXFileReference section */

/* Begin PBXFrameworksBuildPhase section */
		5BE2ED231EEB30EE00AA0A84 /* Frameworks */ = {
			isa = PBXFrameworksBuildPhase;
			buildActionMask = 2147483647;
			files = (
				B562B0C57CA794F4886EFCC2 /* Pods_KoleoTask.framework in Frameworks */,
			);
			runOnlyForDeploymentPostprocessing = 0;
		};
		5BE2ED371EEB30EF00AA0A84 /* Frameworks */ = {
			isa = PBXFrameworksBuildPhase;
			buildActionMask = 2147483647;
			files = (
				62C94184FA10755EB756D02C /* Pods_KoleoTaskTests.framework in Frameworks */,
			);
			runOnlyForDeploymentPostprocessing = 0;
		};
/* End PBXFrameworksBuildPhase section */

/* Begin PBXGroup section */
		5BE2ED1D1EEB30EE00AA0A84 = {
			isa = PBXGroup;
			children = (
				5BE2ED281EEB30EE00AA0A84 /* KoleoTask */,
				5BE2ED3D1EEB30EF00AA0A84 /* KoleoTaskTests */,
				5BE2ED271EEB30EE00AA0A84 /* Products */,
				DD7E564E25868083773F72D0 /* Pods */,
				B1D813A36605D11199745F58 /* Frameworks */,
			);
			sourceTree = "<group>";
		};
		5BE2ED271EEB30EE00AA0A84 /* Products */ = {
			isa = PBXGroup;
			children = (
				5BE2ED261EEB30EE00AA0A84 /* KoleoTask.app */,
				5BE2ED3A1EEB30EF00AA0A84 /* KoleoTaskTests.xctest */,
			);
			name = Products;
			sourceTree = "<group>";
		};
		5BE2ED281EEB30EE00AA0A84 /* KoleoTask */ = {
			isa = PBXGroup;
			children = (
				5BE2ED291EEB30EF00AA0A84 /* AppDelegate.swift */,
				5BE2ED2D1EEB30EF00AA0A84 /* Main.storyboard */,
				5BE2ED301EEB30EF00AA0A84 /* Assets.xcassets */,
				5BE2ED321EEB30EF00AA0A84 /* LaunchScreen.storyboard */,
				5BE2ED351EEB30EF00AA0A84 /* Info.plist */,
				5BE2ED491EEB353600AA0A84 /* DistanceViewController.swift */,
				5BE2ED4D1EEB3A5A00AA0A84 /* DistanceViewModel.swift */,
				5B64543B1EEBEAD000E92DDB /* DataController.swift */,
				5BE2ED511EEB3F3100AA0A84 /* KoleoClient.swift */,
				5BE2ED4F1EEB3AA900AA0A84 /* Station.swift */,
				5B64543D1EEBED9000E92DDB /* DownloadingDataInfoViewController.swift */,
				5B64543F1EEBF28500E92DDB /* RoundedButton.swift */,
				5BE2ED4B1EEB35AA00AA0A84 /* UINavigationController+StatusBar.swift */,
			);
			path = KoleoTask;
			sourceTree = "<group>";
		};
		5BE2ED3D1EEB30EF00AA0A84 /* KoleoTaskTests */ = {
			isa = PBXGroup;
			children = (
				5BE2ED3E1EEB30EF00AA0A84 /* KoleoTaskTests.swift */,
				5BE2ED401EEB30EF00AA0A84 /* Info.plist */,
			);
			path = KoleoTaskTests;
			sourceTree = "<group>";
		};
		B1D813A36605D11199745F58 /* Frameworks */ = {
			isa = PBXGroup;
			children = (
				1E823CA93CDF31B9C20F6E41 /* Pods_KoleoTask.framework */,
				B3604AD029CE443C004236E6 /* Pods_KoleoTaskTests.framework */,
			);
			name = Frameworks;
			sourceTree = "<group>";
		};
		DD7E564E25868083773F72D0 /* Pods */ = {
			isa = PBXGroup;
			children = (
				5C7BA7A3C6D0D07421E8883D /* Pods-KoleoTask.debug.xcconfig */,
				614818C81104898E23F58321 /* Pods-KoleoTask.release.xcconfig */,
				821F6075CF70DAD36CDB86E3 /* Pods-KoleoTaskTests.debug.xcconfig */,
				FC37EA5353ECE9E3F930DC87 /* Pods-KoleoTaskTests.release.xcconfig */,
			);
			name = Pods;
			sourceTree = "<group>";
		};
/* End PBXGroup section */

/* Begin PBXNativeTarget section */
		5BE2ED251EEB30EE00AA0A84 /* KoleoTask */ = {
			isa = PBXNativeTarget;
			buildConfigurationList = 5BE2ED431EEB30EF00AA0A84 /* Build configuration list for PBXNativeTarget "KoleoTask" */;
			buildPhases = (
				EF84EA8CBE067021885B465A /* [CP] Check Pods Manifest.lock */,
				5BE2ED221EEB30EE00AA0A84 /* Sources */,
				5BE2ED231EEB30EE00AA0A84 /* Frameworks */,
				5BE2ED241EEB30EE00AA0A84 /* Resources */,
				AF3FFB5BCCA07159975041DD /* [CP] Embed Pods Frameworks */,
				A72891439B5158805A3BE8F5 /* [CP] Copy Pods Resources */,
			);
			buildRules = (
			);
			dependencies = (
			);
			name = KoleoTask;
			productName = KoleoTask;
			productReference = 5BE2ED261EEB30EE00AA0A84 /* KoleoTask.app */;
			productType = "com.apple.product-type.application";
		};
		5BE2ED391EEB30EF00AA0A84 /* KoleoTaskTests */ = {
			isa = PBXNativeTarget;
			buildConfigurationList = 5BE2ED461EEB30EF00AA0A84 /* Build configuration list for PBXNativeTarget "KoleoTaskTests" */;
			buildPhases = (
				6F035D7173FB60196825E0D9 /* [CP] Check Pods Manifest.lock */,
				5BE2ED361EEB30EF00AA0A84 /* Sources */,
				5BE2ED371EEB30EF00AA0A84 /* Frameworks */,
				5BE2ED381EEB30EF00AA0A84 /* Resources */,
				0874CF332A27296D0367F9FE /* [CP] Embed Pods Frameworks */,
				0A6924A1557837D55B61B815 /* [CP] Copy Pods Resources */,
			);
			buildRules = (
			);
			dependencies = (
				5BE2ED3C1EEB30EF00AA0A84 /* PBXTargetDependency */,
			);
			name = KoleoTaskTests;
			productName = KoleoTaskTests;
			productReference = 5BE2ED3A1EEB30EF00AA0A84 /* KoleoTaskTests.xctest */;
			productType = "com.apple.product-type.bundle.unit-test";
		};
/* End PBXNativeTarget section */

/* Begin PBXProject section */
		5BE2ED1E1EEB30EE00AA0A84 /* Project object */ = {
			isa = PBXProject;
			attributes = {
				LastSwiftUpdateCheck = 0830;
				LastUpgradeCheck = 0830;
				ORGANIZATIONNAME = "Adam Różyński";
				TargetAttributes = {
					5BE2ED251EEB30EE00AA0A84 = {
						CreatedOnToolsVersion = 8.3.2;
						DevelopmentTeam = F58772G67J;
						ProvisioningStyle = Automatic;
					};
					5BE2ED391EEB30EF00AA0A84 = {
						CreatedOnToolsVersion = 8.3.2;
						DevelopmentTeam = F58772G67J;
						ProvisioningStyle = Automatic;
						TestTargetID = 5BE2ED251EEB30EE00AA0A84;
					};
				};
			};
			buildConfigurationList = 5BE2ED211EEB30EE00AA0A84 /* Build configuration list for PBXProject "KoleoTask" */;
			compatibilityVersion = "Xcode 3.2";
			developmentRegion = English;
			hasScannedForEncodings = 0;
			knownRegions = (
				en,
				Base,
			);
			mainGroup = 5BE2ED1D1EEB30EE00AA0A84;
			productRefGroup = 5BE2ED271EEB30EE00AA0A84 /* Products */;
			projectDirPath = "";
			projectRoot = "";
			targets = (
				5BE2ED251EEB30EE00AA0A84 /* KoleoTask */,
				5BE2ED391EEB30EF00AA0A84 /* KoleoTaskTests */,
			);
		};
/* End PBXProject section */

/* Begin PBXResourcesBuildPhase section */
		5BE2ED241EEB30EE00AA0A84 /* Resources */ = {
			isa = PBXResourcesBuildPhase;
			buildActionMask = 2147483647;
			files = (
				5BE2ED341EEB30EF00AA0A84 /* LaunchScreen.storyboard in Resources */,
				5BE2ED311EEB30EF00AA0A84 /* Assets.xcassets in Resources */,
				5BE2ED2F1EEB30EF00AA0A84 /* Main.storyboard in Resources */,
			);
			runOnlyForDeploymentPostprocessing = 0;
		};
		5BE2ED381EEB30EF00AA0A84 /* Resources */ = {
			isa = PBXResourcesBuildPhase;
			buildActionMask = 2147483647;
			files = (
			);
			runOnlyForDeploymentPostprocessing = 0;
		};
/* End PBXResourcesBuildPhase section */

/* Begin PBXShellScriptBuildPhase section */
		0874CF332A27296D0367F9FE /* [CP] Embed Pods Frameworks */ = {
			isa = PBXShellScriptBuildPhase;
			buildActionMask = 2147483647;
			files = (
			);
			inputPaths = (
			);
			name = "[CP] Embed Pods Frameworks";
			outputPaths = (
			);
			runOnlyForDeploymentPostprocessing = 0;
			shellPath = /bin/sh;
			shellScript = "\"${SRCROOT}/Pods/Target Support Files/Pods-KoleoTaskTests/Pods-KoleoTaskTests-frameworks.sh\"\n";
			showEnvVarsInLog = 0;
		};
		0A6924A1557837D55B61B815 /* [CP] Copy Pods Resources */ = {
			isa = PBXShellScriptBuildPhase;
			buildActionMask = 2147483647;
			files = (
			);
			inputPaths = (
			);
			name = "[CP] Copy Pods Resources";
			outputPaths = (
			);
			runOnlyForDeploymentPostprocessing = 0;
			shellPath = /bin/sh;
			shellScript = "\"${SRCROOT}/Pods/Target Support Files/Pods-KoleoTaskTests/Pods-KoleoTaskTests-resources.sh\"\n";
			showEnvVarsInLog = 0;
		};
		6F035D7173FB60196825E0D9 /* [CP] Check Pods Manifest.lock */ = {
			isa = PBXShellScriptBuildPhase;
			buildActionMask = 2147483647;
			files = (
			);
			inputPaths = (
			);
			name = "[CP] Check Pods Manifest.lock";
			outputPaths = (
			);
			runOnlyForDeploymentPostprocessing = 0;
			shellPath = /bin/sh;
			shellScript = "diff \"${PODS_ROOT}/../Podfile.lock\" \"${PODS_ROOT}/Manifest.lock\" > /dev/null\nif [ $? != 0 ] ; then\n    # print error to STDERR\n    echo \"error: The sandbox is not in sync with the Podfile.lock. Run 'pod install' or update your CocoaPods installation.\" >&2\n    exit 1\nfi\n";
			showEnvVarsInLog = 0;
		};
		A72891439B5158805A3BE8F5 /* [CP] Copy Pods Resources */ = {
			isa = PBXShellScriptBuildPhase;
			buildActionMask = 2147483647;
			files = (
			);
			inputPaths = (
			);
			name = "[CP] Copy Pods Resources";
			outputPaths = (
			);
			runOnlyForDeploymentPostprocessing = 0;
			shellPath = /bin/sh;
			shellScript = "\"${SRCROOT}/Pods/Target Support Files/Pods-KoleoTask/Pods-KoleoTask-resources.sh\"\n";
			showEnvVarsInLog = 0;
		};
		AF3FFB5BCCA07159975041DD /* [CP] Embed Pods Frameworks */ = {
			isa = PBXShellScriptBuildPhase;
			buildActionMask = 2147483647;
			files = (
			);
			inputPaths = (
			);
			name = "[CP] Embed Pods Frameworks";
			outputPaths = (
			);
			runOnlyForDeploymentPostprocessing = 0;
			shellPath = /bin/sh;
			shellScript = "\"${SRCROOT}/Pods/Target Support Files/Pods-KoleoTask/Pods-KoleoTask-frameworks.sh\"\n";
			showEnvVarsInLog = 0;
		};
		EF84EA8CBE067021885B465A /* [CP] Check Pods Manifest.lock */ = {
			isa = PBXShellScriptBuildPhase;
			buildActionMask = 2147483647;
			files = (
			);
			inputPaths = (
			);
			name = "[CP] Check Pods Manifest.lock";
			outputPaths = (
			);
			runOnlyForDeploymentPostprocessing = 0;
			shellPath = /bin/sh;
			shellScript = "diff \"${PODS_ROOT}/../Podfile.lock\" \"${PODS_ROOT}/Manifest.lock\" > /dev/null\nif [ $? != 0 ] ; then\n    # print error to STDERR\n    echo \"error: The sandbox is not in sync with the Podfile.lock. Run 'pod install' or update your CocoaPods installation.\" >&2\n    exit 1\nfi\n";
			showEnvVarsInLog = 0;
		};
/* End PBXShellScriptBuildPhase section */

/* Begin PBXSourcesBuildPhase section */
		5BE2ED221EEB30EE00AA0A84 /* Sources */ = {
			isa = PBXSourcesBuildPhase;
			buildActionMask = 2147483647;
			files = (
				5B64543C1EEBEAD000E92DDB /* DataController.swift in Sources */,
				5BE2ED2A1EEB30EF00AA0A84 /* AppDelegate.swift in Sources */,
				5BE2ED501EEB3AA900AA0A84 /* Station.swift in Sources */,
				5BE2ED4E1EEB3A5A00AA0A84 /* DistanceViewModel.swift in Sources */,
				5B6454401EEBF28500E92DDB /* RoundedButton.swift in Sources */,
				5BE2ED521EEB3F3100AA0A84 /* KoleoClient.swift in Sources */,
				5B64543E1EEBED9000E92DDB /* DownloadingDataInfoViewController.swift in Sources */,
				5BE2ED4C1EEB35AA00AA0A84 /* UINavigationController+StatusBar.swift in Sources */,
				5BE2ED4A1EEB353600AA0A84 /* DistanceViewController.swift in Sources */,
			);
			runOnlyForDeploymentPostprocessing = 0;
		};
		5BE2ED361EEB30EF00AA0A84 /* Sources */ = {
			isa = PBXSourcesBuildPhase;
			buildActionMask = 2147483647;
			files = (
				5BE2ED3F1EEB30EF00AA0A84 /* KoleoTaskTests.swift in Sources */,
				5BE2ED541EEB3F3600AA0A84 /* Station.swift in Sources */,
				5BE2ED531EEB3F3100AA0A84 /* KoleoClient.swift in Sources */,
			);
			runOnlyForDeploymentPostprocessing = 0;
		};
/* End PBXSourcesBuildPhase section */

/* Begin PBXTargetDependency section */
		5BE2ED3C1EEB30EF00AA0A84 /* PBXTargetDependency */ = {
			isa = PBXTargetDependency;
			target = 5BE2ED251EEB30EE00AA0A84 /* KoleoTask */;
			targetProxy = 5BE2ED3B1EEB30EF00AA0A84 /* PBXContainerItemProxy */;
		};
/* End PBXTargetDependency section */

/* Begin PBXVariantGroup section */
		5BE2ED2D1EEB30EF00AA0A84 /* Main.storyboard */ = {
			isa = PBXVariantGroup;
			children = (
				5BE2ED2E1EEB30EF00AA0A84 /* Base */,
			);
			name = Main.storyboard;
			sourceTree = "<group>";
		};
		5BE2ED321EEB30EF00AA0A84 /* LaunchScreen.storyboard */ = {
			isa = PBXVariantGroup;
			children = (
				5BE2ED331EEB30EF00AA0A84 /* Base */,
			);
			name = LaunchScreen.storyboard;
			sourceTree = "<group>";
		};
/* End PBXVariantGroup section */

/* Begin XCBuildConfiguration section */
		5BE2ED411EEB30EF00AA0A84 /* Debug */ = {
			isa = XCBuildConfiguration;
			buildSettings = {
				ALWAYS_SEARCH_USER_PATHS = NO;
				CLANG_ANALYZER_NONNULL = YES;
				CLANG_ANALYZER_NUMBER_OBJECT_CONVERSION = YES_AGGRESSIVE;
				CLANG_CXX_LANGUAGE_STANDARD = "gnu++0x";
				CLANG_CXX_LIBRARY = "libc++";
				CLANG_ENABLE_MODULES = YES;
				CLANG_ENABLE_OBJC_ARC = YES;
				CLANG_WARN_BOOL_CONVERSION = YES;
				CLANG_WARN_CONSTANT_CONVERSION = YES;
				CLANG_WARN_DIRECT_OBJC_ISA_USAGE = YES_ERROR;
				CLANG_WARN_DOCUMENTATION_COMMENTS = YES;
				CLANG_WARN_EMPTY_BODY = YES;
				CLANG_WARN_ENUM_CONVERSION = YES;
				CLANG_WARN_INFINITE_RECURSION = YES;
				CLANG_WARN_INT_CONVERSION = YES;
				CLANG_WARN_OBJC_ROOT_CLASS = YES_ERROR;
				CLANG_WARN_SUSPICIOUS_MOVE = YES;
				CLANG_WARN_UNREACHABLE_CODE = YES;
				CLANG_WARN__DUPLICATE_METHOD_MATCH = YES;
				"CODE_SIGN_IDENTITY[sdk=iphoneos*]" = "iPhone Developer";
				COPY_PHASE_STRIP = NO;
				DEBUG_INFORMATION_FORMAT = dwarf;
				ENABLE_STRICT_OBJC_MSGSEND = YES;
				ENABLE_TESTABILITY = YES;
				GCC_C_LANGUAGE_STANDARD = gnu99;
				GCC_DYNAMIC_NO_PIC = NO;
				GCC_NO_COMMON_BLOCKS = YES;
				GCC_OPTIMIZATION_LEVEL = 0;
				GCC_PREPROCESSOR_DEFINITIONS = (
					"DEBUG=1",
					"$(inherited)",
				);
				GCC_WARN_64_TO_32_BIT_CONVERSION = YES;
				GCC_WARN_ABOUT_RETURN_TYPE = YES_ERROR;
				GCC_WARN_UNDECLARED_SELECTOR = YES;
				GCC_WARN_UNINITIALIZED_AUTOS = YES_AGGRESSIVE;
				GCC_WARN_UNUSED_FUNCTION = YES;
				GCC_WARN_UNUSED_VARIABLE = YES;
				IPHONEOS_DEPLOYMENT_TARGET = 10.3;
				MTL_ENABLE_DEBUG_INFO = YES;
				ONLY_ACTIVE_ARCH = YES;
				SDKROOT = iphoneos;
				SWIFT_ACTIVE_COMPILATION_CONDITIONS = DEBUG;
				SWIFT_OPTIMIZATION_LEVEL = "-Onone";
			};
			name = Debug;
		};
		5BE2ED421EEB30EF00AA0A84 /* Release */ = {
			isa = XCBuildConfiguration;
			buildSettings = {
				ALWAYS_SEARCH_USER_PATHS = NO;
				CLANG_ANALYZER_NONNULL = YES;
				CLANG_ANALYZER_NUMBER_OBJECT_CONVERSION = YES_AGGRESSIVE;
				CLANG_CXX_LANGUAGE_STANDARD = "gnu++0x";
				CLANG_CXX_LIBRARY = "libc++";
				CLANG_ENABLE_MODULES = YES;
				CLANG_ENABLE_OBJC_ARC = YES;
				CLANG_WARN_BOOL_CONVERSION = YES;
				CLANG_WARN_CONSTANT_CONVERSION = YES;
				CLANG_WARN_DIRECT_OBJC_ISA_USAGE = YES_ERROR;
				CLANG_WARN_DOCUMENTATION_COMMENTS = YES;
				CLANG_WARN_EMPTY_BODY = YES;
				CLANG_WARN_ENUM_CONVERSION = YES;
				CLANG_WARN_INFINITE_RECURSION = YES;
				CLANG_WARN_INT_CONVERSION = YES;
				CLANG_WARN_OBJC_ROOT_CLASS = YES_ERROR;
				CLANG_WARN_SUSPICIOUS_MOVE = YES;
				CLANG_WARN_UNREACHABLE_CODE = YES;
				CLANG_WARN__DUPLICATE_METHOD_MATCH = YES;
				"CODE_SIGN_IDENTITY[sdk=iphoneos*]" = "iPhone Developer";
				COPY_PHASE_STRIP = NO;
				DEBUG_INFORMATION_FORMAT = "dwarf-with-dsym";
				ENABLE_NS_ASSERTIONS = NO;
				ENABLE_STRICT_OBJC_MSGSEND = YES;
				GCC_C_LANGUAGE_STANDARD = gnu99;
				GCC_NO_COMMON_BLOCKS = YES;
				GCC_WARN_64_TO_32_BIT_CONVERSION = YES;
				GCC_WARN_ABOUT_RETURN_TYPE = YES_ERROR;
				GCC_WARN_UNDECLARED_SELECTOR = YES;
				GCC_WARN_UNINITIALIZED_AUTOS = YES_AGGRESSIVE;
				GCC_WARN_UNUSED_FUNCTION = YES;
				GCC_WARN_UNUSED_VARIABLE = YES;
				IPHONEOS_DEPLOYMENT_TARGET = 10.3;
				MTL_ENABLE_DEBUG_INFO = NO;
				SDKROOT = iphoneos;
				SWIFT_OPTIMIZATION_LEVEL = "-Owholemodule";
				VALIDATE_PRODUCT = YES;
			};
			name = Release;
		};
		5BE2ED441EEB30EF00AA0A84 /* Debug */ = {
			isa = XCBuildConfiguration;
			baseConfigurationReference = 5C7BA7A3C6D0D07421E8883D /* Pods-KoleoTask.debug.xcconfig */;
			buildSettings = {
				ASSETCATALOG_COMPILER_APPICON_NAME = AppIcon;
				DEVELOPMENT_TEAM = F58772G67J;
				INFOPLIST_FILE = KoleoTask/Info.plist;
				IPHONEOS_DEPLOYMENT_TARGET = 10.0;
				LD_RUNPATH_SEARCH_PATHS = "$(inherited) @executable_path/Frameworks";
				PRODUCT_BUNDLE_IDENTIFIER = pl.micropixels.KoleoTask;
				PRODUCT_NAME = "$(TARGET_NAME)";
				SWIFT_VERSION = 3.0;
			};
			name = Debug;
		};
		5BE2ED451EEB30EF00AA0A84 /* Release */ = {
			isa = XCBuildConfiguration;
			baseConfigurationReference = 614818C81104898E23F58321 /* Pods-KoleoTask.release.xcconfig */;
			buildSettings = {
				ASSETCATALOG_COMPILER_APPICON_NAME = AppIcon;
				DEVELOPMENT_TEAM = F58772G67J;
				INFOPLIST_FILE = KoleoTask/Info.plist;
				IPHONEOS_DEPLOYMENT_TARGET = 10.0;
				LD_RUNPATH_SEARCH_PATHS = "$(inherited) @executable_path/Frameworks";
				PRODUCT_BUNDLE_IDENTIFIER = pl.micropixels.KoleoTask;
				PRODUCT_NAME = "$(TARGET_NAME)";
				SWIFT_VERSION = 3.0;
			};
			name = Release;
		};
		5BE2ED471EEB30EF00AA0A84 /* Debug */ = {
			isa = XCBuildConfiguration;
			baseConfigurationReference = 821F6075CF70DAD36CDB86E3 /* Pods-KoleoTaskTests.debug.xcconfig */;
			buildSettings = {
				ALWAYS_EMBED_SWIFT_STANDARD_LIBRARIES = YES;
				BUNDLE_LOADER = "$(TEST_HOST)";
				DEVELOPMENT_TEAM = F58772G67J;
				INFOPLIST_FILE = KoleoTaskTests/Info.plist;
				LD_RUNPATH_SEARCH_PATHS = "$(inherited) @executable_path/Frameworks @loader_path/Frameworks";
				PRODUCT_BUNDLE_IDENTIFIER = pl.micropixels.KoleoTaskTests;
				PRODUCT_NAME = "$(TARGET_NAME)";
				SWIFT_VERSION = 3.0;
				TEST_HOST = "$(BUILT_PRODUCTS_DIR)/KoleoTask.app/KoleoTask";
			};
			name = Debug;
		};
		5BE2ED481EEB30EF00AA0A84 /* Release */ = {
			isa = XCBuildConfiguration;
			baseConfigurationReference = FC37EA5353ECE9E3F930DC87 /* Pods-KoleoTaskTests.release.xcconfig */;
			buildSettings = {
				ALWAYS_EMBED_SWIFT_STANDARD_LIBRARIES = YES;
				BUNDLE_LOADER = "$(TEST_HOST)";
				DEVELOPMENT_TEAM = F58772G67J;
				INFOPLIST_FILE = KoleoTaskTests/Info.plist;
				LD_RUNPATH_SEARCH_PATHS = "$(inherited) @executable_path/Frameworks @loader_path/Frameworks";
				PRODUCT_BUNDLE_IDENTIFIER = pl.micropixels.KoleoTaskTests;
				PRODUCT_NAME = "$(TARGET_NAME)";
				SWIFT_VERSION = 3.0;
				TEST_HOST = "$(BUILT_PRODUCTS_DIR)/KoleoTask.app/KoleoTask";
			};
			name = Release;
		};
/* End XCBuildConfiguration section */

/* Begin XCConfigurationList section */
		5BE2ED211EEB30EE00AA0A84 /* Build configuration list for PBXProject "KoleoTask" */ = {
			isa = XCConfigurationList;
			buildConfigurations = (
				5BE2ED411EEB30EF00AA0A84 /* Debug */,
				5BE2ED421EEB30EF00AA0A84 /* Release */,
			);
			defaultConfigurationIsVisible = 0;
			defaultConfigurationName = Release;
		};
		5BE2ED431EEB30EF00AA0A84 /* Build configuration list for PBXNativeTarget "KoleoTask" */ = {
			isa = XCConfigurationList;
			buildConfigurations = (
				5BE2ED441EEB30EF00AA0A84 /* Debug */,
				5BE2ED451EEB30EF00AA0A84 /* Release */,
			);
			defaultConfigurationIsVisible = 0;
			defaultConfigurationName = Release;
		};
		5BE2ED461EEB30EF00AA0A84 /* Build configuration list for PBXNativeTarget "KoleoTaskTests" */ = {
			isa = XCConfigurationList;
			buildConfigurations = (
				5BE2ED471EEB30EF00AA0A84 /* Debug */,
				5BE2ED481EEB30EF00AA0A84 /* Release */,
			);
			defaultConfigurationIsVisible = 0;
			defaultConfigurationName = Release;
		};
/* End XCConfigurationList section */
	};
	rootObject = 5BE2ED1E1EEB30EE00AA0A84 /* Project object */;
}
